
Microsoft Visual Studio Solution File, Format Version 12.00
# Visual Studio Version 17
VisualStudioVersion = 17.7.34024.191
MinimumVisualStudioVersion = 10.0.40219.1
Project("{9A19103F-16F7-4668-BE54-9A1E7A4F7556}") = "BtcDemo.Core", "BtcDemo.Core\BtcDemo.Core.csproj", "{96D4B0E2-A50A-493D-8636-3648CCFF946A}"
EndProject
Project("{9A19103F-16F7-4668-BE54-9A1E7A4F7556}") = "BtcDemo.Data", "BtcDemo.Data\BtcDemo.Data.csproj", "{49707D15-6EFD-41A6-A0DA-C8CDCFB5DCE1}"
EndProject
Project("{9A19103F-16F7-4668-BE54-9A1E7A4F7556}") = "BtcDemo.Service", "BtcDemo.Service\BtcDemo.Service.csproj", "{659F35DA-EE25-4211-9910-3F936E9B3421}"
EndProject
Project("{9A19103F-16F7-4668-BE54-9A1E7A4F7556}") = "BtcDemo.API", "BtcDemo.API\BtcDemo.API.csproj", "{B5BE0E88-1399-4D55-B31A-B49C73831CC3}"
EndProject
Project("{9A19103F-16F7-4668-BE54-9A1E7A4F7556}") = "BtcDemo.Client", "BtcDemo.Client\BtcDemo.Client.csproj", "{87F72C2B-DA43-4348-A3DE-A444D711A45F}"
EndProject
Project("{2150E333-8FDC-42A3-9474-1A3956D46DE8}") = "Solution Items", "Solution Items", "{A64D363C-62DA-4199-AF78-0EFCA295D0F7}"
	ProjectSection(SolutionItems) = preProject
		.env = .env
	EndProjectSection
EndProject
Project("{E53339B2-1760-4266-BCC7-CA923CBCF16C}") = "docker-compose", "docker-compose.dcproj", "{37176466-8C17-4DC1-8B55-4859FBCC0760}"
EndProject
Global
	GlobalSection(SolutionConfigurationPlatforms) = preSolution
		Debug|Any CPU = Debug|Any CPU
		Release|Any CPU = Release|Any CPU
	EndGlobalSection
	GlobalSection(ProjectConfigurationPlatforms) = postSolution
		{96D4B0E2-A50A-493D-8636-3648CCFF946A}.Debug|Any CPU.ActiveCfg = Debug|Any CPU
		{96D4B0E2-A50A-493D-8636-3648CCFF946A}.Debug|Any CPU.Build.0 = Debug|Any CPU
		{96D4B0E2-A50A-493D-8636-3648CCFF946A}.Release|Any CPU.ActiveCfg = Release|Any CPU
		{96D4B0E2-A50A-493D-8636-3648CCFF946A}.Release|Any CPU.Build.0 = Release|Any CPU
		{49707D15-6EFD-41A6-A0DA-C8CDCFB5DCE1}.Debug|Any CPU.ActiveCfg = Debug|Any CPU
		{49707D15-6EFD-41A6-A0DA-C8CDCFB5DCE1}.Debug|Any CPU.Build.0 = Debug|Any CPU
		{49707D15-6EFD-41A6-A0DA-C8CDCFB5DCE1}.Release|Any CPU.ActiveCfg = Release|Any CPU
		{49707D15-6EFD-41A6-A0DA-C8CDCFB5DCE1}.Release|Any CPU.Build.0 = Release|Any CPU
		{659F35DA-EE25-4211-9910-3F936E9B3421}.Debug|Any CPU.ActiveCfg = Debug|Any CPU
		{659F35DA-EE25-4211-9910-3F936E9B3421}.Debug|Any CPU.Build.0 = Debug|Any CPU
		{659F35DA-EE25-4211-9910-3F936E9B3421}.Release|Any CPU.ActiveCfg = Release|Any CPU
		{659F35DA-EE25-4211-9910-3F936E9B3421}.Release|Any CPU.Build.0 = Release|Any CPU
		{B5BE0E88-1399-4D55-B31A-B49C73831CC3}.Debug|Any CPU.ActiveCfg = Debug|Any CPU
		{B5BE0E88-1399-4D55-B31A-B49C73831CC3}.Debug|Any CPU.Build.0 = Debug|Any CPU
		{B5BE0E88-1399-4D55-B31A-B49C73831CC3}.Release|Any CPU.ActiveCfg = Release|Any CPU
		{B5BE0E88-1399-4D55-B31A-B49C73831CC3}.Release|Any CPU.Build.0 = Release|Any CPU
		{87F72C2B-DA43-4348-A3DE-A444D711A45F}.Debug|Any CPU.ActiveCfg = Debug|Any CPU
		{87F72C2B-DA43-4348-A3DE-A444D711A45F}.Debug|Any CPU.Build.0 = Debug|Any CPU
		{87F72C2B-DA43-4348-A3DE-A444D711A45F}.Release|Any CPU.ActiveCfg = Release|Any CPU
		{87F72C2B-DA43-4348-A3DE-A444D711A45F}.Release|Any CPU.Build.0 = Release|Any CPU
		{37176466-8C17-4DC1-8B55-4859FBCC0760}.Debug|Any CPU.ActiveCfg = Debug|Any CPU
		{37176466-8C17-4DC1-8B55-4859FBCC0760}.Debug|Any CPU.Build.0 = Debug|Any CPU
		{37176466-8C17-4DC1-8B55-4859FBCC0760}.Release|Any CPU.ActiveCfg = Release|Any CPU
		{37176466-8C17-4DC1-8B55-4859FBCC0760}.Release|Any CPU.Build.0 = Release|Any CPU
	EndGlobalSection
	GlobalSection(SolutionProperties) = preSolution
		HideSolutionNode = FALSE
	EndGlobalSection
	GlobalSection(ExtensibilityGlobals) = postSolution
		SolutionGuid = {C1DB6885-7088-425D-9023-62865C3E1948}
	EndGlobalSection
EndGlobal
